
Microsoft Visual Studio Solution File, Format Version 12.00
# Visual Studio 15
VisualStudioVersion = 15.0.28307.1525
MinimumVisualStudioVersion = 10.0.40219.1
Project("{FAE04EC0-301F-11D3-BF4B-00C04F79EFBC}") = "PersonaFrontEnd", "PersonaFrontEnd\PersonaFrontEnd.csproj", "{557B8E13-B0CF-4877-8D5F-D3BAB066990F}"
EndProject
Global
	GlobalSection(SolutionConfigurationPlatforms) = preSolution
		Debug|Any CPU = Debug|Any CPU
		Release|Any CPU = Release|Any CPU
	EndGlobalSection
	GlobalSection(ProjectConfigurationPlatforms) = postSolution
		{557B8E13-B0CF-4877-8D5F-D3BAB066990F}.Debug|Any CPU.ActiveCfg = Debug|Any CPU
		{557B8E13-B0CF-4877-8D5F-D3BAB066990F}.Debug|Any CPU.Build.0 = Debug|Any CPU
		{557B8E13-B0CF-4877-8D5F-D3BAB066990F}.Release|Any CPU.ActiveCfg = Release|Any CPU
		{557B8E13-B0CF-4877-8D5F-D3BAB066990F}.Release|Any CPU.Build.0 = Release|Any CPU
	EndGlobalSection
	GlobalSection(SolutionProperties) = preSolution
		HideSolutionNode = FALSE
	EndGlobalSection
	GlobalSection(ExtensibilityGlobals) = postSolution
		SolutionGuid = {4EFAD90B-BC94-497F-A663-D9C573F6F969}
	EndGlobalSection
EndGlobal
